{
    "name": "examples",
    "version": "1.0.0",
    "lockfileVersion": 3,
    "requires": true,
    "packages": {
        "": {
            "name": "examples",
            "version": "1.0.0",
            "license": "ISC",
            "dependencies": {
                "kafka-ts": "file:../"
            }
        },
        "..": {
            "name": "kafka-ts",
            "version": "0.0.1-beta",
            "license": "MIT",
            "devDependencies": {
                "@types/node": "^20.12.12",
                "prettier": "^3.2.5",
                "typescript": "^5.4.5",
                "vitest": "^1.6.0"
            }
        },
        "node_modules/kafka-ts": {
            "resolved": "..",
            "link": true
        }
    }
}
